// !$*UTF8*$!
{
	archiveVersion = 1;
	classes = {
	};
	objectVersion = 50;
	objects = {

/* Begin PBXBuildFile section */
		E229DD3E260C12B400BDF105 /* AppDelegate.swift in Sources */ = {isa = PBXBuildFile; fileRef = E229DD3D260C12B400BDF105 /* AppDelegate.swift */; };
		E229DD40260C12B400BDF105 /* SceneDelegate.swift in Sources */ = {isa = PBXBuildFile; fileRef = E229DD3F260C12B400BDF105 /* SceneDelegate.swift */; };
		E229DD42260C12B400BDF105 /* ViewController.swift in Sources */ = {isa = PBXBuildFile; fileRef = E229DD41260C12B400BDF105 /* ViewController.swift */; };
		E229DD45260C12B400BDF105 /* Main.storyboard in Resources */ = {isa = PBXBuildFile; fileRef = E229DD43260C12B400BDF105 /* Main.storyboard */; };
		E229DD48260C12B500BDF105 /* ArabicMillion.xcdatamodeld in Sources */ = {isa = PBXBuildFile; fileRef = E229DD46260C12B500BDF105 /* ArabicMillion.xcdatamodeld */; };
		E229DD4A260C12B900BDF105 /* Assets.xcassets in Resources */ = {isa = PBXBuildFile; fileRef = E229DD49260C12B900BDF105 /* Assets.xcassets */; };
		E229DD4D260C12B900BDF105 /* LaunchScreen.storyboard in Resources */ = {isa = PBXBuildFile; fileRef = E229DD4B260C12B900BDF105 /* LaunchScreen.storyboard */; };
/* End PBXBuildFile section */

/* Begin PBXFileReference section */
		E229DD3A260C12B400BDF105 /* ArabicMillion.app */ = {isa = PBXFileReference; explicitFileType = wrapper.application; includeInIndex = 0; path = ArabicMillion.app; sourceTree = BUILT_PRODUCTS_DIR; };
		E229DD3D260C12B400BDF105 /* AppDelegate.swift */ = {isa = PBXFileReference; lastKnownFileType = sourcecode.swift; path = AppDelegate.swift; sourceTree = "<group>"; };
		E229DD3F260C12B400BDF105 /* SceneDelegate.swift */ = {isa = PBXFileReference; lastKnownFileType = sourcecode.swift; path = SceneDelegate.swift; sourceTree = "<group>"; };
		E229DD41260C12B400BDF105 /* ViewController.swift */ = {isa = PBXFileReference; lastKnownFileType = sourcecode.swift; path = ViewController.swift; sourceTree = "<group>"; };
		E229DD44260C12B400BDF105 /* Base */ = {isa = PBXFileReference; lastKnownFileType = file.storyboard; name = Base; path = Base.lproj/Main.storyboard; sourceTree = "<group>"; };
		E229DD47260C12B500BDF105 /* ArabicMillion.xcdatamodel */ = {isa = PBXFileReference; lastKnownFileType = wrapper.xcdatamodel; path = ArabicMillion.xcdatamodel; sourceTree = "<group>"; };
		E229DD49260C12B900BDF105 /* Assets.xcassets */ = {isa = PBXFileReference; lastKnownFileType = folder.assetcatalog; path = Assets.xcassets; sourceTree = "<group>"; };
		E229DD4C260C12B900BDF105 /* Base */ = {isa = PBXFileReference; lastKnownFileType = file.storyboard; name = Base; path = Base.lproj/LaunchScreen.storyboard; sourceTree = "<group>"; };
		E229DD4E260C12B900BDF105 /* Info.plist */ = {isa = PBXFileReference; lastKnownFileType = text.plist.xml; path = Info.plist; sourceTree = "<group>"; };
/* End PBXFileReference section */

/* Begin PBXFrameworksBuildPhase section */
		E229DD37260C12B400BDF105 /* Frameworks */ = {
			isa = PBXFrameworksBuildPhase;
			buildActionMask = 2147483647;
			files = (
			);
			runOnlyForDeploymentPostprocessing = 0;
		};
/* End PBXFrameworksBuildPhase section */

/* Begin PBXGroup section */
		E229DD31260C12B400BDF105 = {
			isa = PBXGroup;
			children = (
				E229DD3C260C12B400BDF105 /* ArabicMillion */,
				E229DD3B260C12B400BDF105 /* Products */,
			);
			sourceTree = "<group>";
		};
		E229DD3B260C12B400BDF105 /* Products */ = {
			isa = PBXGroup;
			children = (
				E229DD3A260C12B400BDF105 /* ArabicMillion.app */,
			);
			name = Products;
			sourceTree = "<group>";
		};
		E229DD3C260C12B400BDF105 /* ArabicMillion */ = {
			isa = PBXGroup;
			children = (
				E229DD3D260C12B400BDF105 /* AppDelegate.swift */,
				E229DD3F260C12B400BDF105 /* SceneDelegate.swift */,
				E229DD41260C12B400BDF105 /* ViewController.swift */,
				E229DD43260C12B400BDF105 /* Main.storyboard */,
				E229DD49260C12B900BDF105 /* Assets.xcassets */,
				E229DD4B260C12B900BDF105 /* LaunchScreen.storyboard */,
				E229DD4E260C12B900BDF105 /* Info.plist */,
				E229DD46260C12B500BDF105 /* ArabicMillion.xcdatamodeld */,
			);
			path = ArabicMillion;
			sourceTree = "<group>";
		};
/* End PBXGroup section */

/* Begin PBXNativeTarget section */
		E229DD39260C12B400BDF105 /* ArabicMillion */ = {
			isa = PBXNativeTarget;
			buildConfigurationList = E229DD51260C12B900BDF105 /* Build configuration list for PBXNativeTarget "ArabicMillion" */;
			buildPhases = (
				E229DD36260C12B400BDF105 /* Sources */,
				E229DD37260C12B400BDF105 /* Frameworks */,
				E229DD38260C12B400BDF105 /* Resources */,
			);
			buildRules = (
			);
			dependencies = (
			);
			name = ArabicMillion;
			productName = ArabicMillion;
			productReference = E229DD3A260C12B400BDF105 /* ArabicMillion.app */;
			productType = "com.apple.product-type.application";
		};
/* End PBXNativeTarget section */

/* Begin PBXProject section */
		E229DD32260C12B400BDF105 /* Project object */ = {
			isa = PBXProject;
			attributes = {
				LastSwiftUpdateCheck = 1200;
				LastUpgradeCheck = 1200;
				TargetAttributes = {
					E229DD39260C12B400BDF105 = {
						CreatedOnToolsVersion = 12.0.1;
					};
				};
			};
			buildConfigurationList = E229DD35260C12B400BDF105 /* Build configuration list for PBXProject "ArabicMillion" */;
			compatibilityVersion = "Xcode 9.3";
			developmentRegion = en;
			hasScannedForEncodings = 0;
			knownRegions = (
				en,
				Base,
			);
			mainGroup = E229DD31260C12B400BDF105;
			productRefGroup = E229DD3B260C12B400BDF105 /* Products */;
			projectDirPath = "";
			projectRoot = "";
			targets = (
				E229DD39260C12B400BDF105 /* ArabicMillion */,
			);
		};
/* End PBXProject section */

/* Begin PBXResourcesBuildPhase section */
		E229DD38260C12B400BDF105 /* Resources */ = {
			isa = PBXResourcesBuildPhase;
			buildActionMask = 2147483647;
			files = (
				E229DD4D260C12B900BDF105 /* LaunchScreen.storyboard in Resources */,
				E229DD4A260C12B900BDF105 /* Assets.xcassets in Resources */,
				E229DD45260C12B400BDF105 /* Main.storyboard in Resources */,
			);
			runOnlyForDeploymentPostprocessing = 0;
		};
/* End PBXResourcesBuildPhase section */

/* Begin PBXSourcesBuildPhase section */
		E229DD36260C12B400BDF105 /* Sources */ = {
			isa = PBXSourcesBuildPhase;
			buildActionMask = 2147483647;
			files = (
				E229DD48260C12B500BDF105 /* ArabicMillion.xcdatamodeld in Sources */,
				E229DD42260C12B400BDF105 /* ViewController.swift in Sources */,
				E229DD3E260C12B400BDF105 /* AppDelegate.swift in Sources */,
				E229DD40260C12B400BDF105 /* SceneDelegate.swift in Sources */,
			);
			runOnlyForDeploymentPostprocessing = 0;
		};
/* End PBXSourcesBuildPhase section */

/* Begin PBXVariantGroup section */
		E229DD43260C12B400BDF105 /* Main.storyboard */ = {
			isa = PBXVariantGroup;
			children = (
				E229DD44260C12B400BDF105 /* Base */,
			);
			name = Main.storyboard;
			sourceTree = "<group>";
		};
		E229DD4B260C12B900BDF105 /* LaunchScreen.storyboard */ = {
			isa = PBXVariantGroup;
			children = (
				E229DD4C260C12B900BDF105 /* Base */,
			);
			name = LaunchScreen.storyboard;
			sourceTree = "<group>";
		};
/* End PBXVariantGroup section */

/* Begin XCBuildConfiguration section */
		E229DD4F260C12B900BDF105 /* Debug */ = {
			isa = XCBuildConfiguration;
			buildSettings = {
				ALWAYS_SEARCH_USER_PATHS = NO;
				CLANG_ANALYZER_NONNULL = YES;
				CLANG_ANALYZER_NUMBER_OBJECT_CONVERSION = YES_AGGRESSIVE;
				CLANG_CXX_LANGUAGE_STANDARD = "gnu++14";
				CLANG_CXX_LIBRARY = "libc++";
				CLANG_ENABLE_MODULES = YES;
				CLANG_ENABLE_OBJC_ARC = YES;
				CLANG_ENABLE_OBJC_WEAK = YES;
				CLANG_WARN_BLOCK_CAPTURE_AUTORELEASING = YES;
				CLANG_WARN_BOOL_CONVERSION = YES;
				CLANG_WARN_COMMA = YES;
				CLANG_WARN_CONSTANT_CONVERSION = YES;
				CLANG_WARN_DEPRECATED_OBJC_IMPLEMENTATIONS = YES;
				CLANG_WARN_DIRECT_OBJC_ISA_USAGE = YES_ERROR;
				CLANG_WARN_DOCUMENTATION_COMMENTS = YES;
				CLANG_WARN_EMPTY_BODY = YES;
				CLANG_WARN_ENUM_CONVERSION = YES;
				CLANG_WARN_INFINITE_RECURSION = YES;
				CLANG_WARN_INT_CONVERSION = YES;
				CLANG_WARN_NON_LITERAL_NULL_CONVERSION = YES;
				CLANG_WARN_OBJC_IMPLICIT_RETAIN_SELF = YES;
				CLANG_WARN_OBJC_LITERAL_CONVERSION = YES;
				CLANG_WARN_OBJC_ROOT_CLASS = YES_ERROR;
				CLANG_WARN_QUOTED_INCLUDE_IN_FRAMEWORK_HEADER = YES;
				CLANG_WARN_RANGE_LOOP_ANALYSIS = YES;
				CLANG_WARN_STRICT_PROTOTYPES = YES;
				CLANG_WARN_SUSPICIOUS_MOVE = YES;
				CLANG_WARN_UNGUARDED_AVAILABILITY = YES_AGGRESSIVE;
				CLANG_WARN_UNREACHABLE_CODE = YES;
				CLANG_WARN__DUPLICATE_METHOD_MATCH = YES;
				COPY_PHASE_STRIP = NO;
				DEBUG_INFORMATION_FORMAT = dwarf;
				ENABLE_STRICT_OBJC_MSGSEND = YES;
				ENABLE_TESTABILITY = YES;
				GCC_C_LANGUAGE_STANDARD = gnu11;
				GCC_DYNAMIC_NO_PIC = NO;
				GCC_NO_COMMON_BLOCKS = YES;
				GCC_OPTIMIZATION_LEVEL = 0;
				GCC_PREPROCESSOR_DEFINITIONS = (
					"DEBUG=1",
					"$(inherited)",
				);
				GCC_WARN_64_TO_32_BIT_CONVERSION = YES;
				GCC_WARN_ABOUT_RETURN_TYPE = YES_ERROR;
				GCC_WARN_UNDECLARED_SELECTOR = YES;
				GCC_WARN_UNINITIALIZED_AUTOS = YES_AGGRESSIVE;
				GCC_WARN_UNUSED_FUNCTION = YES;
				GCC_WARN_UNUSED_VARIABLE = YES;
				IPHONEOS_DEPLOYMENT_TARGET = 14.0;
				MTL_ENABLE_DEBUG_INFO = INCLUDE_SOURCE;
				MTL_FAST_MATH = YES;
				ONLY_ACTIVE_ARCH = YES;
				SDKROOT = iphoneos;
				SWIFT_ACTIVE_COMPILATION_CONDITIONS = DEBUG;
				SWIFT_OPTIMIZATION_LEVEL = "-Onone";
			};
			name = Debug;
		};
		E229DD50260C12B900BDF105 /* Release */ = {
			isa = XCBuildConfiguration;
			buildSettings = {
				ALWAYS_SEARCH_USER_PATHS = NO;
				CLANG_ANALYZER_NONNULL = YES;
				CLANG_ANALYZER_NUMBER_OBJECT_CONVERSION = YES_AGGRESSIVE;
				CLANG_CXX_LANGUAGE_STANDARD = "gnu++14";
				CLANG_CXX_LIBRARY = "libc++";
				CLANG_ENABLE_MODULES = YES;
				CLANG_ENABLE_OBJC_ARC = YES;
				CLANG_ENABLE_OBJC_WEAK = YES;
				CLANG_WARN_BLOCK_CAPTURE_AUTORELEASING = YES;
				CLANG_WARN_BOOL_CONVERSION = YES;
				CLANG_WARN_COMMA = YES;
				CLANG_WARN_CONSTANT_CONVERSION = YES;
				CLANG_WARN_DEPRECATED_OBJC_IMPLEMENTATIONS = YES;
				CLANG_WARN_DIRECT_OBJC_ISA_USAGE = YES_ERROR;
				CLANG_WARN_DOCUMENTATION_COMMENTS = YES;
				CLANG_WARN_EMPTY_BODY = YES;
				CLANG_WARN_ENUM_CONVERSION = YES;
				CLANG_WARN_INFINITE_RECURSION = YES;
				CLANG_WARN_INT_CONVERSION = YES;
				CLANG_WARN_NON_LITERAL_NULL_CONVERSION = YES;
				CLANG_WARN_OBJC_IMPLICIT_RETAIN_SELF = YES;
				CLANG_WARN_OBJC_LITERAL_CONVERSION = YES;
				CLANG_WARN_OBJC_ROOT_CLASS = YES_ERROR;
				CLANG_WARN_QUOTED_INCLUDE_IN_FRAMEWORK_HEADER = YES;
				CLANG_WARN_RANGE_LOOP_ANALYSIS = YES;
				CLANG_WARN_STRICT_PROTOTYPES = YES;
				CLANG_WARN_SUSPICIOUS_MOVE = YES;
				CLANG_WARN_UNGUARDED_AVAILABILITY = YES_AGGRESSIVE;
				CLANG_WARN_UNREACHABLE_CODE = YES;
				CLANG_WARN__DUPLICATE_METHOD_MATCH = YES;
				COPY_PHASE_STRIP = NO;
				DEBUG_INFORMATION_FORMAT = "dwarf-with-dsym";
				ENABLE_NS_ASSERTIONS = NO;
				ENABLE_STRICT_OBJC_MSGSEND = YES;
				GCC_C_LANGUAGE_STANDARD = gnu11;
				GCC_NO_COMMON_BLOCKS = YES;
				GCC_WARN_64_TO_32_BIT_CONVERSION = YES;
				GCC_WARN_ABOUT_RETURN_TYPE = YES_ERROR;
				GCC_WARN_UNDECLARED_SELECTOR = YES;
				GCC_WARN_UNINITIALIZED_AUTOS = YES_AGGRESSIVE;
				GCC_WARN_UNUSED_FUNCTION = YES;
				GCC_WARN_UNUSED_VARIABLE = YES;
				IPHONEOS_DEPLOYMENT_TARGET = 14.0;
				MTL_ENABLE_DEBUG_INFO = NO;
				MTL_FAST_MATH = YES;
				SDKROOT = iphoneos;
				SWIFT_COMPILATION_MODE = wholemodule;
				SWIFT_OPTIMIZATION_LEVEL = "-O";
				VALIDATE_PRODUCT = YES;
			};
			name = Release;
		};
		E229DD52260C12B900BDF105 /* Debug */ = {
			isa = XCBuildConfiguration;
			buildSettings = {
				ASSETCATALOG_COMPILER_APPICON_NAME = AppIcon;
				ASSETCATALOG_COMPILER_GLOBAL_ACCENT_COLOR_NAME = AccentColor;
				CODE_SIGN_STYLE = Automatic;
				DEVELOPMENT_TEAM = 74T49448KG;
				INFOPLIST_FILE = ArabicMillion/Info.plist;
				LD_RUNPATH_SEARCH_PATHS = (
					"$(inherited)",
					"@executable_path/Frameworks",
				);
				PRODUCT_BUNDLE_IDENTIFIER = sharaf.ArabicMillion;
				PRODUCT_NAME = "$(TARGET_NAME)";
				SWIFT_VERSION = 5.0;
				TARGETED_DEVICE_FAMILY = "1,2";
			};
			name = Debug;
		};
		E229DD53260C12B900BDF105 /* Release */ = {
			isa = XCBuildConfiguration;
			buildSettings = {
				ASSETCATALOG_COMPILER_APPICON_NAME = AppIcon;
				ASSETCATALOG_COMPILER_GLOBAL_ACCENT_COLOR_NAME = AccentColor;
				CODE_SIGN_STYLE = Automatic;
				DEVELOPMENT_TEAM = 74T49448KG;
				INFOPLIST_FILE = ArabicMillion/Info.plist;
				LD_RUNPATH_SEARCH_PATHS = (
					"$(inherited)",
					"@executable_path/Frameworks",
				);
				PRODUCT_BUNDLE_IDENTIFIER = sharaf.ArabicMillion;
				PRODUCT_NAME = "$(TARGET_NAME)";
				SWIFT_VERSION = 5.0;
				TARGETED_DEVICE_FAMILY = "1,2";
			};
			name = Release;
		};
/* End XCBuildConfiguration section */

/* Begin XCConfigurationList section */
		E229DD35260C12B400BDF105 /* Build configuration list for PBXProject "ArabicMillion" */ = {
			isa = XCConfigurationList;
			buildConfigurations = (
				E229DD4F260C12B900BDF105 /* Debug */,
				E229DD50260C12B900BDF105 /* Release */,
			);
			defaultConfigurationIsVisible = 0;
			defaultConfigurationName = Release;
		};
		E229DD51260C12B900BDF105 /* Build configuration list for PBXNativeTarget "ArabicMillion" */ = {
			isa = XCConfigurationList;
			buildConfigurations = (
				E229DD52260C12B900BDF105 /* Debug */,
				E229DD53260C12B900BDF105 /* Release */,
			);
			defaultConfigurationIsVisible = 0;
			defaultConfigurationName = Release;
		};
/* End XCConfigurationList section */

/* Begin XCVersionGroup section */
		E229DD46260C12B500BDF105 /* ArabicMillion.xcdatamodeld */ = {
			isa = XCVersionGroup;
			children = (
				E229DD47260C12B500BDF105 /* ArabicMillion.xcdatamodel */,
			);
			currentVersion = E229DD47260C12B500BDF105 /* ArabicMillion.xcdatamodel */;
			path = ArabicMillion.xcdatamodeld;
			sourceTree = "<group>";
			versionGroupType = wrapper.xcdatamodel;
		};
/* End XCVersionGroup section */
	};
	rootObject = E229DD32260C12B400BDF105 /* Project object */;
}
